
Microsoft Visual Studio Solution File, Format Version 12.00
# Visual Studio Version 17
VisualStudioVersion = 17.5.002.0
MinimumVisualStudioVersion = 10.0.40219.1
Project("{9A19103F-16F7-4668-BE54-9A1E7A4F7556}") = "Exercicio0109", "Exercicio0109.csproj", "{81CC66ED-A477-42A9-996D-8ACB8CEAF1E4}"
EndProject
Global
	GlobalSection(SolutionConfigurationPlatforms) = preSolution
		Debug|Any CPU = Debug|Any CPU
		Release|Any CPU = Release|Any CPU
	EndGlobalSection
	GlobalSection(ProjectConfigurationPlatforms) = postSolution
		{81CC66ED-A477-42A9-996D-8ACB8CEAF1E4}.Debug|Any CPU.ActiveCfg = Debug|Any CPU
		{81CC66ED-A477-42A9-996D-8ACB8CEAF1E4}.Debug|Any CPU.Build.0 = Debug|Any CPU
		{81CC66ED-A477-42A9-996D-8ACB8CEAF1E4}.Release|Any CPU.ActiveCfg = Release|Any CPU
		{81CC66ED-A477-42A9-996D-8ACB8CEAF1E4}.Release|Any CPU.Build.0 = Release|Any CPU
	EndGlobalSection
	GlobalSection(SolutionProperties) = preSolution
		HideSolutionNode = FALSE
	EndGlobalSection
	GlobalSection(ExtensibilityGlobals) = postSolution
		SolutionGuid = {3B6CFB1A-C30C-4680-A64A-1E7DC29FE56F}
	EndGlobalSection
EndGlobal
