
Microsoft Visual Studio Solution File, Format Version 12.00
# Visual Studio Version 17
VisualStudioVersion = 17.5.002.0
MinimumVisualStudioVersion = 10.0.40219.1
Project("{9A19103F-16F7-4668-BE54-9A1E7A4F7556}") = "Exercicio0203", "Exercicio0203.csproj", "{C59C946C-4751-4236-B23D-347ABF105D63}"
EndProject
Global
	GlobalSection(SolutionConfigurationPlatforms) = preSolution
		Debug|Any CPU = Debug|Any CPU
		Release|Any CPU = Release|Any CPU
	EndGlobalSection
	GlobalSection(ProjectConfigurationPlatforms) = postSolution
		{C59C946C-4751-4236-B23D-347ABF105D63}.Debug|Any CPU.ActiveCfg = Debug|Any CPU
		{C59C946C-4751-4236-B23D-347ABF105D63}.Debug|Any CPU.Build.0 = Debug|Any CPU
		{C59C946C-4751-4236-B23D-347ABF105D63}.Release|Any CPU.ActiveCfg = Release|Any CPU
		{C59C946C-4751-4236-B23D-347ABF105D63}.Release|Any CPU.Build.0 = Release|Any CPU
	EndGlobalSection
	GlobalSection(SolutionProperties) = preSolution
		HideSolutionNode = FALSE
	EndGlobalSection
	GlobalSection(ExtensibilityGlobals) = postSolution
		SolutionGuid = {576C8F3D-C483-433F-801F-C33AA6501CE6}
	EndGlobalSection
EndGlobal
