
Microsoft Visual Studio Solution File, Format Version 12.00
# Visual Studio Version 17
VisualStudioVersion = 17.5.002.0
MinimumVisualStudioVersion = 10.0.40219.1
Project("{9A19103F-16F7-4668-BE54-9A1E7A4F7556}") = "Exercicio0204", "Exercicio0204.csproj", "{108D9C80-96EC-4099-BCCE-95875AFFF08F}"
EndProject
Global
	GlobalSection(SolutionConfigurationPlatforms) = preSolution
		Debug|Any CPU = Debug|Any CPU
		Release|Any CPU = Release|Any CPU
	EndGlobalSection
	GlobalSection(ProjectConfigurationPlatforms) = postSolution
		{108D9C80-96EC-4099-BCCE-95875AFFF08F}.Debug|Any CPU.ActiveCfg = Debug|Any CPU
		{108D9C80-96EC-4099-BCCE-95875AFFF08F}.Debug|Any CPU.Build.0 = Debug|Any CPU
		{108D9C80-96EC-4099-BCCE-95875AFFF08F}.Release|Any CPU.ActiveCfg = Release|Any CPU
		{108D9C80-96EC-4099-BCCE-95875AFFF08F}.Release|Any CPU.Build.0 = Release|Any CPU
	EndGlobalSection
	GlobalSection(SolutionProperties) = preSolution
		HideSolutionNode = FALSE
	EndGlobalSection
	GlobalSection(ExtensibilityGlobals) = postSolution
		SolutionGuid = {ACE77ED2-E750-4873-97F3-62DFAB9DB171}
	EndGlobalSection
EndGlobal
