
Microsoft Visual Studio Solution File, Format Version 12.00
# Visual Studio Version 17
VisualStudioVersion = 17.5.002.0
MinimumVisualStudioVersion = 10.0.40219.1
Project("{9A19103F-16F7-4668-BE54-9A1E7A4F7556}") = "Exercicio0107", "Exercicio0107.csproj", "{F9FD12AF-ACC5-49DB-A69E-6915E0717582}"
EndProject
Global
	GlobalSection(SolutionConfigurationPlatforms) = preSolution
		Debug|Any CPU = Debug|Any CPU
		Release|Any CPU = Release|Any CPU
	EndGlobalSection
	GlobalSection(ProjectConfigurationPlatforms) = postSolution
		{F9FD12AF-ACC5-49DB-A69E-6915E0717582}.Debug|Any CPU.ActiveCfg = Debug|Any CPU
		{F9FD12AF-ACC5-49DB-A69E-6915E0717582}.Debug|Any CPU.Build.0 = Debug|Any CPU
		{F9FD12AF-ACC5-49DB-A69E-6915E0717582}.Release|Any CPU.ActiveCfg = Release|Any CPU
		{F9FD12AF-ACC5-49DB-A69E-6915E0717582}.Release|Any CPU.Build.0 = Release|Any CPU
	EndGlobalSection
	GlobalSection(SolutionProperties) = preSolution
		HideSolutionNode = FALSE
	EndGlobalSection
	GlobalSection(ExtensibilityGlobals) = postSolution
		SolutionGuid = {87D606D1-62C3-42D7-AC33-EA4895E99508}
	EndGlobalSection
EndGlobal
