
Microsoft Visual Studio Solution File, Format Version 12.00
# Visual Studio Version 17
VisualStudioVersion = 17.5.002.0
MinimumVisualStudioVersion = 10.0.40219.1
Project("{9A19103F-16F7-4668-BE54-9A1E7A4F7556}") = "Exercicio0201", "Exercicio0201.csproj", "{9B61D6AC-7B85-4EEB-94FB-867163194E91}"
EndProject
Global
	GlobalSection(SolutionConfigurationPlatforms) = preSolution
		Debug|Any CPU = Debug|Any CPU
		Release|Any CPU = Release|Any CPU
	EndGlobalSection
	GlobalSection(ProjectConfigurationPlatforms) = postSolution
		{9B61D6AC-7B85-4EEB-94FB-867163194E91}.Debug|Any CPU.ActiveCfg = Debug|Any CPU
		{9B61D6AC-7B85-4EEB-94FB-867163194E91}.Debug|Any CPU.Build.0 = Debug|Any CPU
		{9B61D6AC-7B85-4EEB-94FB-867163194E91}.Release|Any CPU.ActiveCfg = Release|Any CPU
		{9B61D6AC-7B85-4EEB-94FB-867163194E91}.Release|Any CPU.Build.0 = Release|Any CPU
	EndGlobalSection
	GlobalSection(SolutionProperties) = preSolution
		HideSolutionNode = FALSE
	EndGlobalSection
	GlobalSection(ExtensibilityGlobals) = postSolution
		SolutionGuid = {3B2B672D-CB0B-4E23-BB6D-804E264E70F2}
	EndGlobalSection
EndGlobal
