
Microsoft Visual Studio Solution File, Format Version 12.00
# Visual Studio Version 17
VisualStudioVersion = 17.5.002.0
MinimumVisualStudioVersion = 10.0.40219.1
Project("{9A19103F-16F7-4668-BE54-9A1E7A4F7556}") = "Exercicio0211", "Exercicio0211.csproj", "{01A3EE28-5797-4FD4-8988-97CFCB506CB3}"
EndProject
Global
	GlobalSection(SolutionConfigurationPlatforms) = preSolution
		Debug|Any CPU = Debug|Any CPU
		Release|Any CPU = Release|Any CPU
	EndGlobalSection
	GlobalSection(ProjectConfigurationPlatforms) = postSolution
		{01A3EE28-5797-4FD4-8988-97CFCB506CB3}.Debug|Any CPU.ActiveCfg = Debug|Any CPU
		{01A3EE28-5797-4FD4-8988-97CFCB506CB3}.Debug|Any CPU.Build.0 = Debug|Any CPU
		{01A3EE28-5797-4FD4-8988-97CFCB506CB3}.Release|Any CPU.ActiveCfg = Release|Any CPU
		{01A3EE28-5797-4FD4-8988-97CFCB506CB3}.Release|Any CPU.Build.0 = Release|Any CPU
	EndGlobalSection
	GlobalSection(SolutionProperties) = preSolution
		HideSolutionNode = FALSE
	EndGlobalSection
	GlobalSection(ExtensibilityGlobals) = postSolution
		SolutionGuid = {CBCA1BFC-EE48-4C3F-9909-DA080C724943}
	EndGlobalSection
EndGlobal
