
Microsoft Visual Studio Solution File, Format Version 12.00
# Visual Studio Version 17
VisualStudioVersion = 17.5.002.0
MinimumVisualStudioVersion = 10.0.40219.1
Project("{9A19103F-16F7-4668-BE54-9A1E7A4F7556}") = "Exercicio0118", "Exercicio0118.csproj", "{3D86B212-FDA8-496F-B571-DBA2BE4961BA}"
EndProject
Global
	GlobalSection(SolutionConfigurationPlatforms) = preSolution
		Debug|Any CPU = Debug|Any CPU
		Release|Any CPU = Release|Any CPU
	EndGlobalSection
	GlobalSection(ProjectConfigurationPlatforms) = postSolution
		{3D86B212-FDA8-496F-B571-DBA2BE4961BA}.Debug|Any CPU.ActiveCfg = Debug|Any CPU
		{3D86B212-FDA8-496F-B571-DBA2BE4961BA}.Debug|Any CPU.Build.0 = Debug|Any CPU
		{3D86B212-FDA8-496F-B571-DBA2BE4961BA}.Release|Any CPU.ActiveCfg = Release|Any CPU
		{3D86B212-FDA8-496F-B571-DBA2BE4961BA}.Release|Any CPU.Build.0 = Release|Any CPU
	EndGlobalSection
	GlobalSection(SolutionProperties) = preSolution
		HideSolutionNode = FALSE
	EndGlobalSection
	GlobalSection(ExtensibilityGlobals) = postSolution
		SolutionGuid = {4041C41B-866F-4A92-8DE9-17819866E2E2}
	EndGlobalSection
EndGlobal
