
Microsoft Visual Studio Solution File, Format Version 12.00
# Visual Studio Version 17
VisualStudioVersion = 17.5.002.0
MinimumVisualStudioVersion = 10.0.40219.1
Project("{9A19103F-16F7-4668-BE54-9A1E7A4F7556}") = "Exercicio0210", "Exercicio0210.csproj", "{4A0A800D-10E0-419C-A106-989CAAFEDC7B}"
EndProject
Global
	GlobalSection(SolutionConfigurationPlatforms) = preSolution
		Debug|Any CPU = Debug|Any CPU
		Release|Any CPU = Release|Any CPU
	EndGlobalSection
	GlobalSection(ProjectConfigurationPlatforms) = postSolution
		{4A0A800D-10E0-419C-A106-989CAAFEDC7B}.Debug|Any CPU.ActiveCfg = Debug|Any CPU
		{4A0A800D-10E0-419C-A106-989CAAFEDC7B}.Debug|Any CPU.Build.0 = Debug|Any CPU
		{4A0A800D-10E0-419C-A106-989CAAFEDC7B}.Release|Any CPU.ActiveCfg = Release|Any CPU
		{4A0A800D-10E0-419C-A106-989CAAFEDC7B}.Release|Any CPU.Build.0 = Release|Any CPU
	EndGlobalSection
	GlobalSection(SolutionProperties) = preSolution
		HideSolutionNode = FALSE
	EndGlobalSection
	GlobalSection(ExtensibilityGlobals) = postSolution
		SolutionGuid = {2FD73BFB-EE08-4014-8A5B-076B0D85777E}
	EndGlobalSection
EndGlobal
